github.com/Ceinl/plumtree/sdk v0.0.0-20260802172637-f7a0d99b480f h1:eR4NJ8AtmpYwOZay3ww0OKwQcMi80N4PR7FxFsH9UOM=
github.com/Ceinl/plumtree/sdk v0.0.0-20260802172637-f7a0d99b480f/go.mod h1:djlkUHqO4AHUjUXoJm3clanAgNewwTnk1jh9NVCPGZY=
github.com/tetratelabs/wazero v1.12.0 h1:DuWcpNu/FzgEXgGBDp8J1Spc+CWOvvtvVyjKlaZopYU=
github.com/tetratelabs/wazero v1.12.0/go.mod h1:LvKtzl2RqO4gyF27BiXU+nKAjcV8f38U+kP/q2vgxh0=
golang.org/x/sys v0.47.0 h1:o7XGOvZQCADBQQ4Y7VNq2dRWQR7JmOUW8Kxx4ZsNgWs=
golang.org/x/sys v0.47.0/go.mod h1:4GL1E5IUh+htKOUEOaiffhrAeqysfVGipDYzABqnCmw=
